// !$*UTF8*$!
{
	archiveVersion = 1;
	classes = {
	};
	objectVersion = 50;
	objects = {

/* Begin PBXBuildFile section */
		65CCB06F248D7F3A00B5A02C /* main.cpp in Sources */ = {isa = PBXBuildFile; fileRef = 65CCB06E248D7F3A00B5A02C /* main.cpp */; };
		65CCB07E248D883100B5A02C /* SDL2.framework in Frameworks */ = {isa = PBXBuildFile; fileRef = 65CCB076248D7FB600B5A02C /* SDL2.framework */; };
		65CCB07F248D883100B5A02C /* SDL2.framework in Embed Frameworks */ = {isa = PBXBuildFile; fileRef = 65CCB076248D7FB600B5A02C /* SDL2.framework */; settings = {ATTRIBUTES = (CodeSignOnCopy, RemoveHeadersOnCopy, ); }; };
		65CCB083248E3EE500B5A02C /* Widget.cpp in Sources */ = {isa = PBXBuildFile; fileRef = 65CCB081248E3EE500B5A02C /* Widget.cpp */; };
		65CCB086248E4BE900B5A02C /* WidgetContainer.cpp in Sources */ = {isa = PBXBuildFile; fileRef = 65CCB084248E4BE900B5A02C /* WidgetContainer.cpp */; };
/* End PBXBuildFile section */

/* Begin PBXCopyFilesBuildPhase section */
		65CCB069248D7F3A00B5A02C /* CopyFiles */ = {
			isa = PBXCopyFilesBuildPhase;
			buildActionMask = 2147483647;
			dstPath = /usr/share/man/man1/;
			dstSubfolderSpec = 0;
			files = (
			);
			runOnlyForDeploymentPostprocessing = 1;
		};
		65CCB080248D883100B5A02C /* Embed Frameworks */ = {
			isa = PBXCopyFilesBuildPhase;
			buildActionMask = 2147483647;
			dstPath = "";
			dstSubfolderSpec = 10;
			files = (
				65CCB07F248D883100B5A02C /* SDL2.framework in Embed Frameworks */,
			);
			name = "Embed Frameworks";
			runOnlyForDeploymentPostprocessing = 0;
		};
/* End PBXCopyFilesBuildPhase section */

/* Begin PBXFileReference section */
		65CCB06B248D7F3A00B5A02C /* SDL2_Test */ = {isa = PBXFileReference; explicitFileType = "compiled.mach-o.executable"; includeInIndex = 0; path = SDL2_Test; sourceTree = BUILT_PRODUCTS_DIR; };
		65CCB06E248D7F3A00B5A02C /* main.cpp */ = {isa = PBXFileReference; lastKnownFileType = sourcecode.cpp.cpp; path = main.cpp; sourceTree = "<group>"; };
		65CCB076248D7FB600B5A02C /* SDL2.framework */ = {isa = PBXFileReference; lastKnownFileType = wrapper.framework; name = SDL2.framework; path = ../../../../Library/Frameworks/SDL2.framework; sourceTree = "<group>"; };
		65CCB081248E3EE500B5A02C /* Widget.cpp */ = {isa = PBXFileReference; lastKnownFileType = sourcecode.cpp.cpp; path = Widget.cpp; sourceTree = "<group>"; };
		65CCB082248E3EE500B5A02C /* Widget.hpp */ = {isa = PBXFileReference; lastKnownFileType = sourcecode.cpp.h; path = Widget.hpp; sourceTree = "<group>"; };
		65CCB084248E4BE900B5A02C /* WidgetContainer.cpp */ = {isa = PBXFileReference; lastKnownFileType = sourcecode.cpp.cpp; path = WidgetContainer.cpp; sourceTree = "<group>"; };
		65CCB085248E4BE900B5A02C /* WidgetContainer.hpp */ = {isa = PBXFileReference; lastKnownFileType = sourcecode.cpp.h; path = WidgetContainer.hpp; sourceTree = "<group>"; };
/* End PBXFileReference section */

/* Begin PBXFrameworksBuildPhase section */
		65CCB068248D7F3A00B5A02C /* Frameworks */ = {
			isa = PBXFrameworksBuildPhase;
			buildActionMask = 2147483647;
			files = (
				65CCB07E248D883100B5A02C /* SDL2.framework in Frameworks */,
			);
			runOnlyForDeploymentPostprocessing = 0;
		};
/* End PBXFrameworksBuildPhase section */

/* Begin PBXGroup section */
		65CCB062248D7F3A00B5A02C = {
			isa = PBXGroup;
			children = (
				65CCB06D248D7F3A00B5A02C /* SDL2_Test */,
				65CCB06C248D7F3A00B5A02C /* Products */,
				65CCB075248D7FB600B5A02C /* Frameworks */,
			);
			sourceTree = "<group>";
		};
		65CCB06C248D7F3A00B5A02C /* Products */ = {
			isa = PBXGroup;
			children = (
				65CCB06B248D7F3A00B5A02C /* SDL2_Test */,
			);
			name = Products;
			sourceTree = "<group>";
		};
		65CCB06D248D7F3A00B5A02C /* SDL2_Test */ = {
			isa = PBXGroup;
			children = (
				65CCB06E248D7F3A00B5A02C /* main.cpp */,
				65CCB081248E3EE500B5A02C /* Widget.cpp */,
				65CCB082248E3EE500B5A02C /* Widget.hpp */,
				65CCB084248E4BE900B5A02C /* WidgetContainer.cpp */,
				65CCB085248E4BE900B5A02C /* WidgetContainer.hpp */,
			);
			path = SDL2_Test;
			sourceTree = "<group>";
		};
		65CCB075248D7FB600B5A02C /* Frameworks */ = {
			isa = PBXGroup;
			children = (
				65CCB076248D7FB600B5A02C /* SDL2.framework */,
			);
			name = Frameworks;
			sourceTree = "<group>";
		};
/* End PBXGroup section */

/* Begin PBXNativeTarget section */
		65CCB06A248D7F3A00B5A02C /* SDL2_Test */ = {
			isa = PBXNativeTarget;
			buildConfigurationList = 65CCB072248D7F3A00B5A02C /* Build configuration list for PBXNativeTarget "SDL2_Test" */;
			buildPhases = (
				65CCB067248D7F3A00B5A02C /* Sources */,
				65CCB068248D7F3A00B5A02C /* Frameworks */,
				65CCB069248D7F3A00B5A02C /* CopyFiles */,
				65CCB080248D883100B5A02C /* Embed Frameworks */,
			);
			buildRules = (
			);
			dependencies = (
			);
			name = SDL2_Test;
			productName = SDL2_Test;
			productReference = 65CCB06B248D7F3A00B5A02C /* SDL2_Test */;
			productType = "com.apple.product-type.tool";
		};
/* End PBXNativeTarget section */

/* Begin PBXProject section */
		65CCB063248D7F3A00B5A02C /* Project object */ = {
			isa = PBXProject;
			attributes = {
				LastUpgradeCheck = 1150;
				ORGANIZATIONNAME = "Денис Гончаров";
				TargetAttributes = {
					65CCB06A248D7F3A00B5A02C = {
						CreatedOnToolsVersion = 11.5;
					};
				};
			};
			buildConfigurationList = 65CCB066248D7F3A00B5A02C /* Build configuration list for PBXProject "SDL2_Test" */;
			compatibilityVersion = "Xcode 9.3";
			developmentRegion = en;
			hasScannedForEncodings = 0;
			knownRegions = (
				en,
				Base,
			);
			mainGroup = 65CCB062248D7F3A00B5A02C;
			productRefGroup = 65CCB06C248D7F3A00B5A02C /* Products */;
			projectDirPath = "";
			projectRoot = "";
			targets = (
				65CCB06A248D7F3A00B5A02C /* SDL2_Test */,
			);
		};
/* End PBXProject section */

/* Begin PBXSourcesBuildPhase section */
		65CCB067248D7F3A00B5A02C /* Sources */ = {
			isa = PBXSourcesBuildPhase;
			buildActionMask = 2147483647;
			files = (
				65CCB06F248D7F3A00B5A02C /* main.cpp in Sources */,
				65CCB083248E3EE500B5A02C /* Widget.cpp in Sources */,
				65CCB086248E4BE900B5A02C /* WidgetContainer.cpp in Sources */,
			);
			runOnlyForDeploymentPostprocessing = 0;
		};
/* End PBXSourcesBuildPhase section */

/* Begin XCBuildConfiguration section */
		65CCB070248D7F3A00B5A02C /* Debug */ = {
			isa = XCBuildConfiguration;
			buildSettings = {
				ALWAYS_SEARCH_USER_PATHS = NO;
				CLANG_ANALYZER_NONNULL = YES;
				CLANG_ANALYZER_NUMBER_OBJECT_CONVERSION = YES_AGGRESSIVE;
				CLANG_CXX_LANGUAGE_STANDARD = "gnu++14";
				CLANG_CXX_LIBRARY = "libc++";
				CLANG_ENABLE_MODULES = YES;
				CLANG_ENABLE_OBJC_ARC = YES;
				CLANG_ENABLE_OBJC_WEAK = YES;
				CLANG_WARN_BLOCK_CAPTURE_AUTORELEASING = YES;
				CLANG_WARN_BOOL_CONVERSION = YES;
				CLANG_WARN_COMMA = YES;
				CLANG_WARN_CONSTANT_CONVERSION = YES;
				CLANG_WARN_DEPRECATED_OBJC_IMPLEMENTATIONS = YES;
				CLANG_WARN_DIRECT_OBJC_ISA_USAGE = YES_ERROR;
				CLANG_WARN_DOCUMENTATION_COMMENTS = YES;
				CLANG_WARN_EMPTY_BODY = YES;
				CLANG_WARN_ENUM_CONVERSION = YES;
				CLANG_WARN_INFINITE_RECURSION = YES;
				CLANG_WARN_INT_CONVERSION = YES;
				CLANG_WARN_NON_LITERAL_NULL_CONVERSION = YES;
				CLANG_WARN_OBJC_IMPLICIT_RETAIN_SELF = YES;
				CLANG_WARN_OBJC_LITERAL_CONVERSION = YES;
				CLANG_WARN_OBJC_ROOT_CLASS = YES_ERROR;
				CLANG_WARN_RANGE_LOOP_ANALYSIS = YES;
				CLANG_WARN_STRICT_PROTOTYPES = YES;
				CLANG_WARN_SUSPICIOUS_MOVE = YES;
				CLANG_WARN_UNGUARDED_AVAILABILITY = YES_AGGRESSIVE;
				CLANG_WARN_UNREACHABLE_CODE = YES;
				CLANG_WARN__DUPLICATE_METHOD_MATCH = YES;
				COPY_PHASE_STRIP = NO;
				DEBUG_INFORMATION_FORMAT = dwarf;
				ENABLE_STRICT_OBJC_MSGSEND = YES;
				ENABLE_TESTABILITY = YES;
				GCC_C_LANGUAGE_STANDARD = gnu11;
				GCC_DYNAMIC_NO_PIC = NO;
				GCC_NO_COMMON_BLOCKS = YES;
				GCC_OPTIMIZATION_LEVEL = 0;
				GCC_PREPROCESSOR_DEFINITIONS = (
					"DEBUG=1",
					"$(inherited)",
				);
				GCC_WARN_64_TO_32_BIT_CONVERSION = YES;
				GCC_WARN_ABOUT_RETURN_TYPE = YES_ERROR;
				GCC_WARN_UNDECLARED_SELECTOR = YES;
				GCC_WARN_UNINITIALIZED_AUTOS = YES_AGGRESSIVE;
				GCC_WARN_UNUSED_FUNCTION = YES;
				GCC_WARN_UNUSED_VARIABLE = YES;
				MACOSX_DEPLOYMENT_TARGET = 10.15;
				MTL_ENABLE_DEBUG_INFO = INCLUDE_SOURCE;
				MTL_FAST_MATH = YES;
				ONLY_ACTIVE_ARCH = YES;
				SDKROOT = macosx;
			};
			name = Debug;
		};
		65CCB071248D7F3A00B5A02C /* Release */ = {
			isa = XCBuildConfiguration;
			buildSettings = {
				ALWAYS_SEARCH_USER_PATHS = NO;
				CLANG_ANALYZER_NONNULL = YES;
				CLANG_ANALYZER_NUMBER_OBJECT_CONVERSION = YES_AGGRESSIVE;
				CLANG_CXX_LANGUAGE_STANDARD = "gnu++14";
				CLANG_CXX_LIBRARY = "libc++";
				CLANG_ENABLE_MODULES = YES;
				CLANG_ENABLE_OBJC_ARC = YES;
				CLANG_ENABLE_OBJC_WEAK = YES;
				CLANG_WARN_BLOCK_CAPTURE_AUTORELEASING = YES;
				CLANG_WARN_BOOL_CONVERSION = YES;
				CLANG_WARN_COMMA = YES;
				CLANG_WARN_CONSTANT_CONVERSION = YES;
				CLANG_WARN_DEPRECATED_OBJC_IMPLEMENTATIONS = YES;
				CLANG_WARN_DIRECT_OBJC_ISA_USAGE = YES_ERROR;
				CLANG_WARN_DOCUMENTATION_COMMENTS = YES;
				CLANG_WARN_EMPTY_BODY = YES;
				CLANG_WARN_ENUM_CONVERSION = YES;
				CLANG_WARN_INFINITE_RECURSION = YES;
				CLANG_WARN_INT_CONVERSION = YES;
				CLANG_WARN_NON_LITERAL_NULL_CONVERSION = YES;
				CLANG_WARN_OBJC_IMPLICIT_RETAIN_SELF = YES;
				CLANG_WARN_OBJC_LITERAL_CONVERSION = YES;
				CLANG_WARN_OBJC_ROOT_CLASS = YES_ERROR;
				CLANG_WARN_RANGE_LOOP_ANALYSIS = YES;
				CLANG_WARN_STRICT_PROTOTYPES = YES;
				CLANG_WARN_SUSPICIOUS_MOVE = YES;
				CLANG_WARN_UNGUARDED_AVAILABILITY = YES_AGGRESSIVE;
				CLANG_WARN_UNREACHABLE_CODE = YES;
				CLANG_WARN__DUPLICATE_METHOD_MATCH = YES;
				COPY_PHASE_STRIP = NO;
				DEBUG_INFORMATION_FORMAT = "dwarf-with-dsym";
				ENABLE_NS_ASSERTIONS = NO;
				ENABLE_STRICT_OBJC_MSGSEND = YES;
				GCC_C_LANGUAGE_STANDARD = gnu11;
				GCC_NO_COMMON_BLOCKS = YES;
				GCC_WARN_64_TO_32_BIT_CONVERSION = YES;
				GCC_WARN_ABOUT_RETURN_TYPE = YES_ERROR;
				GCC_WARN_UNDECLARED_SELECTOR = YES;
				GCC_WARN_UNINITIALIZED_AUTOS = YES_AGGRESSIVE;
				GCC_WARN_UNUSED_FUNCTION = YES;
				GCC_WARN_UNUSED_VARIABLE = YES;
				MACOSX_DEPLOYMENT_TARGET = 10.15;
				MTL_ENABLE_DEBUG_INFO = NO;
				MTL_FAST_MATH = YES;
				SDKROOT = macosx;
			};
			name = Release;
		};
		65CCB073248D7F3A00B5A02C /* Debug */ = {
			isa = XCBuildConfiguration;
			buildSettings = {
				CODE_SIGN_STYLE = Automatic;
				FRAMEWORK_SEARCH_PATHS = "$(LOCAL_LIBRARY_DIR)/Frameworks";
				HEADER_SEARCH_PATHS = /Library/Frameworks/SDL2.framework/Headers;
				MACOSX_DEPLOYMENT_TARGET = 10.15;
				PRODUCT_NAME = "$(TARGET_NAME)";
			};
			name = Debug;
		};
		65CCB074248D7F3A00B5A02C /* Release */ = {
			isa = XCBuildConfiguration;
			buildSettings = {
				CODE_SIGN_STYLE = Automatic;
				FRAMEWORK_SEARCH_PATHS = "$(LOCAL_LIBRARY_DIR)/Frameworks";
				HEADER_SEARCH_PATHS = /Library/Frameworks/SDL2.framework/Headers;
				MACOSX_DEPLOYMENT_TARGET = 10.15;
				PRODUCT_NAME = "$(TARGET_NAME)";
			};
			name = Release;
		};
/* End XCBuildConfiguration section */

/* Begin XCConfigurationList section */
		65CCB066248D7F3A00B5A02C /* Build configuration list for PBXProject "SDL2_Test" */ = {
			isa = XCConfigurationList;
			buildConfigurations = (
				65CCB070248D7F3A00B5A02C /* Debug */,
				65CCB071248D7F3A00B5A02C /* Release */,
			);
			defaultConfigurationIsVisible = 0;
			defaultConfigurationName = Debug;
		};
		65CCB072248D7F3A00B5A02C /* Build configuration list for PBXNativeTarget "SDL2_Test" */ = {
			isa = XCConfigurationList;
			buildConfigurations = (
				65CCB073248D7F3A00B5A02C /* Debug */,
				65CCB074248D7F3A00B5A02C /* Release */,
			);
			defaultConfigurationIsVisible = 0;
			defaultConfigurationName = Debug;
		};
/* End XCConfigurationList section */
	};
	rootObject = 65CCB063248D7F3A00B5A02C /* Project object */;
}
